
Microsoft Visual Studio Solution File, Format Version 12.00
# Visual Studio Version 17
VisualStudioVersion = 17.5.33414.496
MinimumVisualStudioVersion = 10.0.40219.1
Project("{2150E333-8FDC-42A3-9474-1A3956D46DE8}") = "src", "src", "{42274C52-804E-4DDD-9ED3-C022354D813C}"
EndProject
Project("{9A19103F-16F7-4668-BE54-9A1E7A4F7556}") = "AntonLjunggrenCms.Data", "AntonLjunggrenCms.Data\AntonLjunggrenCms.Data.csproj", "{4F5DF0B8-9C10-4846-9ECF-861CA5FA207A}"
EndProject
Project("{9A19103F-16F7-4668-BE54-9A1E7A4F7556}") = "AntonLjunggrenCms.Core", "AntonLjunggrenCms.Core\AntonLjunggrenCms.Core.csproj", "{A3B598DE-D19D-49DA-B084-95B92B70BEE2}"
EndProject
Project("{9A19103F-16F7-4668-BE54-9A1E7A4F7556}") = "AntonLjunggrenCms.WebApi", "AntonLjunggrenCms.WebApi\AntonLjunggrenCms.WebApi.csproj", "{8A624DAF-C882-4B9A-814F-09390CEF6112}"
EndProject
Project("{9A19103F-16F7-4668-BE54-9A1E7A4F7556}") = "AntonLjunggrenCms.WebApp", "AntonLjunggrenCms.WebApp\AntonLjunggrenCms.WebApp.csproj", "{1FA31935-65F0-43C8-B109-80853F540665}"
EndProject
Global
	GlobalSection(SolutionConfigurationPlatforms) = preSolution
		Debug|Any CPU = Debug|Any CPU
		Release|Any CPU = Release|Any CPU
	EndGlobalSection
	GlobalSection(ProjectConfigurationPlatforms) = postSolution
		{4F5DF0B8-9C10-4846-9ECF-861CA5FA207A}.Debug|Any CPU.ActiveCfg = Debug|Any CPU
		{4F5DF0B8-9C10-4846-9ECF-861CA5FA207A}.Debug|Any CPU.Build.0 = Debug|Any CPU
		{4F5DF0B8-9C10-4846-9ECF-861CA5FA207A}.Release|Any CPU.ActiveCfg = Release|Any CPU
		{4F5DF0B8-9C10-4846-9ECF-861CA5FA207A}.Release|Any CPU.Build.0 = Release|Any CPU
		{A3B598DE-D19D-49DA-B084-95B92B70BEE2}.Debug|Any CPU.ActiveCfg = Debug|Any CPU
		{A3B598DE-D19D-49DA-B084-95B92B70BEE2}.Debug|Any CPU.Build.0 = Debug|Any CPU
		{A3B598DE-D19D-49DA-B084-95B92B70BEE2}.Release|Any CPU.ActiveCfg = Release|Any CPU
		{A3B598DE-D19D-49DA-B084-95B92B70BEE2}.Release|Any CPU.Build.0 = Release|Any CPU
		{8A624DAF-C882-4B9A-814F-09390CEF6112}.Debug|Any CPU.ActiveCfg = Debug|Any CPU
		{8A624DAF-C882-4B9A-814F-09390CEF6112}.Debug|Any CPU.Build.0 = Debug|Any CPU
		{8A624DAF-C882-4B9A-814F-09390CEF6112}.Release|Any CPU.ActiveCfg = Release|Any CPU
		{8A624DAF-C882-4B9A-814F-09390CEF6112}.Release|Any CPU.Build.0 = Release|Any CPU
		{1FA31935-65F0-43C8-B109-80853F540665}.Debug|Any CPU.ActiveCfg = Debug|Any CPU
		{1FA31935-65F0-43C8-B109-80853F540665}.Debug|Any CPU.Build.0 = Debug|Any CPU
		{1FA31935-65F0-43C8-B109-80853F540665}.Release|Any CPU.ActiveCfg = Release|Any CPU
		{1FA31935-65F0-43C8-B109-80853F540665}.Release|Any CPU.Build.0 = Release|Any CPU
	EndGlobalSection
	GlobalSection(SolutionProperties) = preSolution
		HideSolutionNode = FALSE
	EndGlobalSection
	GlobalSection(NestedProjects) = preSolution
		{4F5DF0B8-9C10-4846-9ECF-861CA5FA207A} = {42274C52-804E-4DDD-9ED3-C022354D813C}
		{A3B598DE-D19D-49DA-B084-95B92B70BEE2} = {42274C52-804E-4DDD-9ED3-C022354D813C}
		{8A624DAF-C882-4B9A-814F-09390CEF6112} = {42274C52-804E-4DDD-9ED3-C022354D813C}
		{1FA31935-65F0-43C8-B109-80853F540665} = {42274C52-804E-4DDD-9ED3-C022354D813C}
	EndGlobalSection
	GlobalSection(ExtensibilityGlobals) = postSolution
		SolutionGuid = {51DB0A5E-1DB1-48BF-8068-7C829CB2B59E}
	EndGlobalSection
EndGlobal
